
Microsoft Visual Studio Solution File, Format Version 12.00
# Visual Studio Version 17
VisualStudioVersion = 17.1.32210.238
MinimumVisualStudioVersion = 10.0.40219.1
Project("{FAE04EC0-301F-11D3-BF4B-00C04F79EFBC}") = "CardWar", "CardWar\CardWar.csproj", "{4EBBAD89-8E5F-44B0-B0F8-DF7199792A81}"
EndProject
Global
	GlobalSection(SolutionConfigurationPlatforms) = preSolution
		Debug|Any CPU = Debug|Any CPU
		Release|Any CPU = Release|Any CPU
	EndGlobalSection
	GlobalSection(ProjectConfigurationPlatforms) = postSolution
		{4EBBAD89-8E5F-44B0-B0F8-DF7199792A81}.Debug|Any CPU.ActiveCfg = Debug|Any CPU
		{4EBBAD89-8E5F-44B0-B0F8-DF7199792A81}.Debug|Any CPU.Build.0 = Debug|Any CPU
		{4EBBAD89-8E5F-44B0-B0F8-DF7199792A81}.Release|Any CPU.ActiveCfg = Release|Any CPU
		{4EBBAD89-8E5F-44B0-B0F8-DF7199792A81}.Release|Any CPU.Build.0 = Release|Any CPU
	EndGlobalSection
	GlobalSection(SolutionProperties) = preSolution
		HideSolutionNode = FALSE
	EndGlobalSection
	GlobalSection(ExtensibilityGlobals) = postSolution
		SolutionGuid = {EAF0AD38-2490-4B24-9175-3800E55C2670}
	EndGlobalSection
EndGlobal
